<?xml version="1.0"?>
<CodeBlocks_project_file>
	<FileVersion major="1" minor="6" />
	<Project>
		<Option title="week6_fftExample_w_pitch" />
		<Option makefile="makefile" />
		<Option pch_mode="2" />
		<Option compiler="gcc" />
		<Option virtualFolders="addons\;src\;" />
		<Build>
			<Target title="release">
				<Option output="bin\$(PROJECT_NAME)" prefix_auto="1" extension_auto="1" />
				<Option working_dir="bin" />
				<Option object_output="obj\release" />
				<Option external_deps="..\..\..\libs\openFrameworksCompiled\lib\win_cb\openFrameworks.lib;" />
				<Option type="1" />
				<Option compiler="gcc" />
				<Option projectLinkerOptionsRelation="2" />
				<Compiler>
					<Add option="-O2" />
				</Compiler>
				<Linker>
					<Add option="-s" />
					<Add option="../../../libs/openFrameworksCompiled/lib/win_cb/openFrameworks.lib" />
				</Linker>
			</Target>
			<Target title="debug">
				<Option output="bin\$(PROJECT_NAME)_DEBUG" prefix_auto="1" extension_auto="1" />
				<Option working_dir="bin" />
				<Option object_output="obj\debug\" />
				<Option external_deps="..\..\..\libs\openFrameworksCompiled\lib\win_cb\openFrameworksDebug.lib;" />
				<Option type="1" />
				<Option compiler="gcc" />
				<Option projectLinkerOptionsRelation="2" />
				<Compiler>
					<Add option="-g" />
				</Compiler>
				<Linker>
					<Add option="../../../libs/openFrameworksCompiled/lib/win_cb/openFrameworksDebug.lib" />
				</Linker>
			</Target>
		</Build>
		<Compiler>
			<Add option="-Wno-multichar" />
			<Add directory="..\..\..\libs\glu\include" />
			<Add directory="..\..\..\libs\freetype\include" />
			<Add directory="..\..\..\libs\freetype\include\freetype2" />
			<Add directory="..\..\..\libs\FreeImage\include" />
			<Add directory="..\..\..\libs\quicktime\include" />
			<Add directory="..\..\..\libs\rtAudio\include" />
			<Add directory="..\..\..\libs\fmodex\include" />
			<Add directory="..\..\..\libs\videoInput\include" />
			<Add directory="..\..\..\libs\glew\include" />
			<Add directory="..\..\..\libs\glut\include" />
			<Add directory="..\..\..\libs\openFrameworks" />
			<Add directory="..\..\..\libs\openFrameworks\3d" />
			<Add directory="..\..\..\libs\openFrameworks\app" />
			<Add directory="..\..\..\libs\openFrameworks\communication" />
			<Add directory="..\..\..\libs\openFrameworks\events" />
			<Add directory="..\..\..\libs\openFrameworks\gl" />
			<Add directory="..\..\..\libs\openFrameworks\graphics" />
			<Add directory="..\..\..\libs\openFrameworks\math" />
			<Add directory="..\..\..\libs\openFrameworks\sound" />
			<Add directory="..\..\..\libs\openFrameworks\types" />
			<Add directory="..\..\..\libs\openFrameworks\utils" />
			<Add directory="..\..\..\libs\openFrameworks\video" />
			<Add directory="..\..\..\libs\poco\include" />
			<Add directory="..\..\..\libs\tess2\include" />
			<Add directory="..\..\..\libs\cairo\include\cairo" />
			<Add directory="src" />
			<Add directory="src/aubio" />
			<Add directory="src/aubio/aubio" />
			<Add directory="src/aubio/aubio/aubio" />
			<Add directory="src/aubio/aubio/aubio/io" />
			<Add directory="src/aubio/aubio/aubio/onset" />
			<Add directory="src/aubio/aubio/aubio/pitch" />
			<Add directory="src/aubio/aubio/aubio/spectral" />
			<Add directory="src/aubio/aubio/aubio/tempo" />
			<Add directory="src/aubio/aubio/aubio/temporal" />
			<Add directory="src/aubio/aubio/aubio/utils" />
		</Compiler>
		<Linker>
			<Add library="..\..\..\libs\FreeImage\lib\win_cb\FreeImage.lib" />
			<Add library="..\..\..\libs\rtAudio\lib\win_cb\librtaudio.a" />
			<Add library="..\..\..\libs\quicktime\lib\win_cb\qtmlClient.lib" />
			<Add library="..\..\..\libs\cairo\lib\win_cb\libcairo.a" />
			<Add library="..\..\..\libs\cairo\lib\win_cb\libpixman-1.a" />
			<Add library="..\..\..\libs\freetype\lib\win_cb\libfreetype.a" />
			<Add library="..\..\..\libs\glut\lib\win_cb\libglut.a" />
			<Add library="..\..\..\libs\videoInput\lib\win_cb\videoInputLib.a" />
			<Add library="..\..\..\libs\fmodex\lib\win_cb\libfmodex.a" />
			<Add library="..\..\..\libs\glew\lib\win_cb\glew32s.lib" />
			<Add library="..\..\..\libs\glu\lib\win_cb\glu32.lib" />
			<Add library="..\..\..\libs\poco\lib\win_cb\libPocoNet.a" />
			<Add library="..\..\..\libs\poco\lib\win_cb\libPocoUtil.a" />
			<Add library="..\..\..\libs\poco\lib\win_cb\libPocoXML.a" />
			<Add library="..\..\..\libs\poco\lib\win_cb\libPocoFoundation.a" />
			<Add library="..\..\..\libs\tess2\lib\win_cb\libtess2.a" />
			<Add library="opengl32" />
			<Add library="gdi32" />
			<Add library="msimg32" />
			<Add library="glu32" />
			<Add library="dsound" />
			<Add library="winmm" />
			<Add library="dxguid" />
			<Add library="strmbase" />
			<Add library="strmiids" />
			<Add library="z" />
			<Add library="uuid" />
			<Add library="ole32" />
			<Add library="oleaut32" />
			<Add library="setupapi" />
			<Add library="wsock32" />
			<Add library="ws2_32" />
			<Add library="Iphlpapi" />
			<Add library="Comdlg32" />
		</Linker>
		<ExtraCommands>
			<Add after="xcopy /e /i /y &quot;$(PROJECT_DIR)..\..\..\export\win_cb\*.dll&quot;  &quot;$(PROJECT_DIR)bin&quot;" />
			<Add after="cmd /c if not exist &quot;$(PROJECT_DIR)bin/data&quot; mkdir &quot;$(PROJECT_DIR)bin/data&quot;" />
			<Mode after="always" />
		</ExtraCommands>
		<Unit filename="src\main.cpp">
			<Option virtualFolder="src" />
		</Unit>
		<Unit filename="src\testApp.cpp">
			<Option virtualFolder="src" />
		</Unit>
		<Unit filename="src\testApp.h">
			<Option virtualFolder="src" />
		</Unit>
		<Extensions>
			<code_completion />
			<debugger />
			<envvars />
		</Extensions>
		<Unit filename="src/aubio/aubio/aubio/aubio.h">
			<Option virtualFolder="src/aubio/aubio/aubio" />
		</Unit>
		<Unit filename="src/aubio/aubio/aubio/cvec.h">
			<Option virtualFolder="src/aubio/aubio/aubio" />
		</Unit>
		<Unit filename="src/aubio/aubio/aubio/fmat.h">
			<Option virtualFolder="src/aubio/aubio/aubio" />
		</Unit>
		<Unit filename="src/aubio/aubio/aubio/fvec.h">
			<Option virtualFolder="src/aubio/aubio/aubio" />
		</Unit>
		<Unit filename="src/aubio/aubio/aubio/io/sink.h">
			<Option virtualFolder="src/aubio/aubio/aubio/io" />
		</Unit>
		<Unit filename="src/aubio/aubio/aubio/io/sink_apple_audio.h">
			<Option virtualFolder="src/aubio/aubio/aubio/io" />
		</Unit>
		<Unit filename="src/aubio/aubio/aubio/io/sink_sndfile.h">
			<Option virtualFolder="src/aubio/aubio/aubio/io" />
		</Unit>
		<Unit filename="src/aubio/aubio/aubio/io/sndfileio.h">
			<Option virtualFolder="src/aubio/aubio/aubio/io" />
		</Unit>
		<Unit filename="src/aubio/aubio/aubio/io/source.h">
			<Option virtualFolder="src/aubio/aubio/aubio/io" />
		</Unit>
		<Unit filename="src/aubio/aubio/aubio/io/source_apple_audio.h">
			<Option virtualFolder="src/aubio/aubio/aubio/io" />
		</Unit>
		<Unit filename="src/aubio/aubio/aubio/io/source_sndfile.h">
			<Option virtualFolder="src/aubio/aubio/aubio/io" />
		</Unit>
		<Unit filename="src/aubio/aubio/aubio/lvec.h">
			<Option virtualFolder="src/aubio/aubio/aubio" />
		</Unit>
		<Unit filename="src/aubio/aubio/aubio/mathutils.h">
			<Option virtualFolder="src/aubio/aubio/aubio" />
		</Unit>
		<Unit filename="src/aubio/aubio/aubio/musicutils.h">
			<Option virtualFolder="src/aubio/aubio/aubio" />
		</Unit>
		<Unit filename="src/aubio/aubio/aubio/onset/onset.h">
			<Option virtualFolder="src/aubio/aubio/aubio/onset" />
		</Unit>
		<Unit filename="src/aubio/aubio/aubio/onset/peakpicker.h">
			<Option virtualFolder="src/aubio/aubio/aubio/onset" />
		</Unit>
		<Unit filename="src/aubio/aubio/aubio/pitch/pitch.h">
			<Option virtualFolder="src/aubio/aubio/aubio/pitch" />
		</Unit>
		<Unit filename="src/aubio/aubio/aubio/pitch/pitchfcomb.h">
			<Option virtualFolder="src/aubio/aubio/aubio/pitch" />
		</Unit>
		<Unit filename="src/aubio/aubio/aubio/pitch/pitchmcomb.h">
			<Option virtualFolder="src/aubio/aubio/aubio/pitch" />
		</Unit>
		<Unit filename="src/aubio/aubio/aubio/pitch/pitchschmitt.h">
			<Option virtualFolder="src/aubio/aubio/aubio/pitch" />
		</Unit>
		<Unit filename="src/aubio/aubio/aubio/pitch/pitchyin.h">
			<Option virtualFolder="src/aubio/aubio/aubio/pitch" />
		</Unit>
		<Unit filename="src/aubio/aubio/aubio/pitch/pitchyinfft.h">
			<Option virtualFolder="src/aubio/aubio/aubio/pitch" />
		</Unit>
		<Unit filename="src/aubio/aubio/aubio/spectral/fft.h">
			<Option virtualFolder="src/aubio/aubio/aubio/spectral" />
		</Unit>
		<Unit filename="src/aubio/aubio/aubio/spectral/filterbank.h">
			<Option virtualFolder="src/aubio/aubio/aubio/spectral" />
		</Unit>
		<Unit filename="src/aubio/aubio/aubio/spectral/filterbank_mel.h">
			<Option virtualFolder="src/aubio/aubio/aubio/spectral" />
		</Unit>
		<Unit filename="src/aubio/aubio/aubio/spectral/mfcc.h">
			<Option virtualFolder="src/aubio/aubio/aubio/spectral" />
		</Unit>
		<Unit filename="src/aubio/aubio/aubio/spectral/phasevoc.h">
			<Option virtualFolder="src/aubio/aubio/aubio/spectral" />
		</Unit>
		<Unit filename="src/aubio/aubio/aubio/spectral/specdesc.h">
			<Option virtualFolder="src/aubio/aubio/aubio/spectral" />
		</Unit>
		<Unit filename="src/aubio/aubio/aubio/spectral/tss.h">
			<Option virtualFolder="src/aubio/aubio/aubio/spectral" />
		</Unit>
		<Unit filename="src/aubio/aubio/aubio/tempo/beattracking.h">
			<Option virtualFolder="src/aubio/aubio/aubio/tempo" />
		</Unit>
		<Unit filename="src/aubio/aubio/aubio/tempo/tempo.h">
			<Option virtualFolder="src/aubio/aubio/aubio/tempo" />
		</Unit>
		<Unit filename="src/aubio/aubio/aubio/temporal/a_weighting.h">
			<Option virtualFolder="src/aubio/aubio/aubio/temporal" />
		</Unit>
		<Unit filename="src/aubio/aubio/aubio/temporal/biquad.h">
			<Option virtualFolder="src/aubio/aubio/aubio/temporal" />
		</Unit>
		<Unit filename="src/aubio/aubio/aubio/temporal/c_weighting.h">
			<Option virtualFolder="src/aubio/aubio/aubio/temporal" />
		</Unit>
		<Unit filename="src/aubio/aubio/aubio/temporal/filter.h">
			<Option virtualFolder="src/aubio/aubio/aubio/temporal" />
		</Unit>
		<Unit filename="src/aubio/aubio/aubio/temporal/resampler.h">
			<Option virtualFolder="src/aubio/aubio/aubio/temporal" />
		</Unit>
		<Unit filename="src/aubio/aubio/aubio/types.h">
			<Option virtualFolder="src/aubio/aubio/aubio" />
		</Unit>
		<Unit filename="src/aubio/aubio/aubio/utils/hist.h">
			<Option virtualFolder="src/aubio/aubio/aubio/utils" />
		</Unit>
		<Unit filename="src/aubio/aubio/aubio/utils/scale.h">
			<Option virtualFolder="src/aubio/aubio/aubio/utils" />
		</Unit>
		<Unit filename="src/aubio/aubio/aubio/vecutils.h">
			<Option virtualFolder="src/aubio/aubio/aubio" />
		</Unit>
		<Unit filename="src/aubio/aubio/libaubio.a">
			<Option virtualFolder="src/aubio/aubio" />
		</Unit>
		<Unit filename="src/aubio/aubioAnalyzer.cpp">
			<Option virtualFolder="src/aubio" />
		</Unit>
		<Unit filename="src/aubio/aubioAnalyzer.h">
			<Option virtualFolder="src/aubio" />
		</Unit>
		<Unit filename="src/fft.cpp">
			<Option virtualFolder="src" />
		</Unit>
		<Unit filename="src/fft.h">
			<Option virtualFolder="src" />
		</Unit>
		<Unit filename="src/fftOctaveAnalyzer.cpp">
			<Option virtualFolder="src" />
		</Unit>
		<Unit filename="src/fftOctaveAnalyzer.h">
			<Option virtualFolder="src" />
		</Unit>
	</Project>
</CodeBlocks_project_file>
